// !$*UTF8*$!
{
	archiveVersion = 1;
	classes = {
	};
	objectVersion = 50;
	objects = {

/* Begin PBXBuildFile section */
		A130CC5B246714A10006EEE5 /* TagCell.xib in Resources */ = {isa = PBXBuildFile; fileRef = A130CC5A246714A10006EEE5 /* TagCell.xib */; };
		A130CC5F246717610006EEE5 /* TagCell.swift in Sources */ = {isa = PBXBuildFile; fileRef = A130CC5E246717610006EEE5 /* TagCell.swift */; };
		A130CC6124671CFF0006EEE5 /* RadioAPI.swift in Sources */ = {isa = PBXBuildFile; fileRef = A130CC6024671CFF0006EEE5 /* RadioAPI.swift */; };
		A130CC63246721020006EEE5 /* StationsViewController.swift in Sources */ = {isa = PBXBuildFile; fileRef = A130CC62246721020006EEE5 /* StationsViewController.swift */; };
		A130CC66246725050006EEE5 /* Utils.swift in Sources */ = {isa = PBXBuildFile; fileRef = A130CC65246725050006EEE5 /* Utils.swift */; };
		A130CC68246731D10006EEE5 /* StationCell.xib in Resources */ = {isa = PBXBuildFile; fileRef = A130CC67246731D10006EEE5 /* StationCell.xib */; };
		A130CC6A2467322E0006EEE5 /* StationCell.swift in Sources */ = {isa = PBXBuildFile; fileRef = A130CC692467322E0006EEE5 /* StationCell.swift */; };
		A178CF022466B862002C2360 /* AppDelegate.swift in Sources */ = {isa = PBXBuildFile; fileRef = A178CF012466B862002C2360 /* AppDelegate.swift */; };
		A178CF042466B862002C2360 /* SceneDelegate.swift in Sources */ = {isa = PBXBuildFile; fileRef = A178CF032466B862002C2360 /* SceneDelegate.swift */; };
		A178CF062466B862002C2360 /* TagsViewController.swift in Sources */ = {isa = PBXBuildFile; fileRef = A178CF052466B862002C2360 /* TagsViewController.swift */; };
		A178CF092466B862002C2360 /* Main.storyboard in Resources */ = {isa = PBXBuildFile; fileRef = A178CF072466B862002C2360 /* Main.storyboard */; };
		A178CF0C2466B862002C2360 /* RadioStation.xcdatamodeld in Sources */ = {isa = PBXBuildFile; fileRef = A178CF0A2466B862002C2360 /* RadioStation.xcdatamodeld */; };
		A178CF112466B867002C2360 /* LaunchScreen.storyboard in Resources */ = {isa = PBXBuildFile; fileRef = A178CF0F2466B867002C2360 /* LaunchScreen.storyboard */; };
		A178CF1E2466C484002C2360 /* Assets.xcassets in Resources */ = {isa = PBXBuildFile; fileRef = A178CF1D2466C483002C2360 /* Assets.xcassets */; };
/* End PBXBuildFile section */

/* Begin PBXFileReference section */
		A130CC5A246714A10006EEE5 /* TagCell.xib */ = {isa = PBXFileReference; lastKnownFileType = file.xib; path = TagCell.xib; sourceTree = "<group>"; };
		A130CC5E246717610006EEE5 /* TagCell.swift */ = {isa = PBXFileReference; fileEncoding = 4; lastKnownFileType = sourcecode.swift; path = TagCell.swift; sourceTree = "<group>"; };
		A130CC6024671CFF0006EEE5 /* RadioAPI.swift */ = {isa = PBXFileReference; lastKnownFileType = sourcecode.swift; path = RadioAPI.swift; sourceTree = "<group>"; };
		A130CC62246721020006EEE5 /* StationsViewController.swift */ = {isa = PBXFileReference; lastKnownFileType = sourcecode.swift; path = StationsViewController.swift; sourceTree = "<group>"; };
		A130CC65246725050006EEE5 /* Utils.swift */ = {isa = PBXFileReference; lastKnownFileType = sourcecode.swift; path = Utils.swift; sourceTree = "<group>"; };
		A130CC67246731D10006EEE5 /* StationCell.xib */ = {isa = PBXFileReference; lastKnownFileType = file.xib; path = StationCell.xib; sourceTree = "<group>"; };
		A130CC692467322E0006EEE5 /* StationCell.swift */ = {isa = PBXFileReference; lastKnownFileType = sourcecode.swift; path = StationCell.swift; sourceTree = "<group>"; };
		A178CEFE2466B862002C2360 /* RadioStation.app */ = {isa = PBXFileReference; explicitFileType = wrapper.application; includeInIndex = 0; path = RadioStation.app; sourceTree = BUILT_PRODUCTS_DIR; };
		A178CF012466B862002C2360 /* AppDelegate.swift */ = {isa = PBXFileReference; lastKnownFileType = sourcecode.swift; path = AppDelegate.swift; sourceTree = "<group>"; };
		A178CF032466B862002C2360 /* SceneDelegate.swift */ = {isa = PBXFileReference; lastKnownFileType = sourcecode.swift; path = SceneDelegate.swift; sourceTree = "<group>"; };
		A178CF052466B862002C2360 /* TagsViewController.swift */ = {isa = PBXFileReference; lastKnownFileType = sourcecode.swift; path = TagsViewController.swift; sourceTree = "<group>"; };
		A178CF082466B862002C2360 /* Base */ = {isa = PBXFileReference; lastKnownFileType = file.storyboard; name = Base; path = Base.lproj/Main.storyboard; sourceTree = "<group>"; };
		A178CF0B2466B862002C2360 /* RadioStation.xcdatamodel */ = {isa = PBXFileReference; lastKnownFileType = wrapper.xcdatamodel; path = RadioStation.xcdatamodel; sourceTree = "<group>"; };
		A178CF102466B867002C2360 /* Base */ = {isa = PBXFileReference; lastKnownFileType = file.storyboard; name = Base; path = Base.lproj/LaunchScreen.storyboard; sourceTree = "<group>"; };
		A178CF122466B867002C2360 /* Info.plist */ = {isa = PBXFileReference; lastKnownFileType = text.plist.xml; path = Info.plist; sourceTree = "<group>"; };
		A178CF1D2466C483002C2360 /* Assets.xcassets */ = {isa = PBXFileReference; lastKnownFileType = folder.assetcatalog; name = Assets.xcassets; path = ../../../../../Downloads/AppIcons/Assets.xcassets; sourceTree = "<group>"; };
/* End PBXFileReference section */

/* Begin PBXFrameworksBuildPhase section */
		A178CEFB2466B862002C2360 /* Frameworks */ = {
			isa = PBXFrameworksBuildPhase;
			buildActionMask = 2147483647;
			files = (
			);
			runOnlyForDeploymentPostprocessing = 0;
		};
/* End PBXFrameworksBuildPhase section */

/* Begin PBXGroup section */
		A130CC64246724F80006EEE5 /* Utils */ = {
			isa = PBXGroup;
			children = (
				A130CC65246725050006EEE5 /* Utils.swift */,
			);
			path = Utils;
			sourceTree = "<group>";
		};
		A178CEF52466B861002C2360 = {
			isa = PBXGroup;
			children = (
				A178CF002466B862002C2360 /* RadioStation */,
				A178CEFF2466B862002C2360 /* Products */,
			);
			sourceTree = "<group>";
		};
		A178CEFF2466B862002C2360 /* Products */ = {
			isa = PBXGroup;
			children = (
				A178CEFE2466B862002C2360 /* RadioStation.app */,
			);
			name = Products;
			sourceTree = "<group>";
		};
		A178CF002466B862002C2360 /* RadioStation */ = {
			isa = PBXGroup;
			children = (
				A130CC64246724F80006EEE5 /* Utils */,
				A178CF1C2466B8C9002C2360 /* Extensions */,
				A178CF1B2466B8C0002C2360 /* Controller */,
				A178CF1A2466B8BB002C2360 /* View */,
				A178CF192466B8B3002C2360 /* Model */,
				A178CF182466B890002C2360 /* Supporting Files */,
				A178CF032466B862002C2360 /* SceneDelegate.swift */,
				A178CF072466B862002C2360 /* Main.storyboard */,
				A178CF1D2466C483002C2360 /* Assets.xcassets */,
				A178CF122466B867002C2360 /* Info.plist */,
				A178CF0A2466B862002C2360 /* RadioStation.xcdatamodeld */,
			);
			path = RadioStation;
			sourceTree = "<group>";
		};
		A178CF182466B890002C2360 /* Supporting Files */ = {
			isa = PBXGroup;
			children = (
				A178CF012466B862002C2360 /* AppDelegate.swift */,
				A178CF0F2466B867002C2360 /* LaunchScreen.storyboard */,
			);
			path = "Supporting Files";
			sourceTree = "<group>";
		};
		A178CF192466B8B3002C2360 /* Model */ = {
			isa = PBXGroup;
			children = (
				A130CC6024671CFF0006EEE5 /* RadioAPI.swift */,
			);
			path = Model;
			sourceTree = "<group>";
		};
		A178CF1A2466B8BB002C2360 /* View */ = {
			isa = PBXGroup;
			children = (
				A130CC5A246714A10006EEE5 /* TagCell.xib */,
				A130CC5E246717610006EEE5 /* TagCell.swift */,
				A130CC67246731D10006EEE5 /* StationCell.xib */,
				A130CC692467322E0006EEE5 /* StationCell.swift */,
			);
			path = View;
			sourceTree = "<group>";
		};
		A178CF1B2466B8C0002C2360 /* Controller */ = {
			isa = PBXGroup;
			children = (
				A178CF052466B862002C2360 /* TagsViewController.swift */,
				A130CC62246721020006EEE5 /* StationsViewController.swift */,
			);
			path = Controller;
			sourceTree = "<group>";
		};
		A178CF1C2466B8C9002C2360 /* Extensions */ = {
			isa = PBXGroup;
			children = (
			);
			path = Extensions;
			sourceTree = "<group>";
		};
/* End PBXGroup section */

/* Begin PBXNativeTarget section */
		A178CEFD2466B862002C2360 /* RadioStation */ = {
			isa = PBXNativeTarget;
			buildConfigurationList = A178CF152466B867002C2360 /* Build configuration list for PBXNativeTarget "RadioStation" */;
			buildPhases = (
				A178CEFA2466B862002C2360 /* Sources */,
				A178CEFB2466B862002C2360 /* Frameworks */,
				A178CEFC2466B862002C2360 /* Resources */,
			);
			buildRules = (
			);
			dependencies = (
			);
			name = RadioStation;
			productName = RadioStation;
			productReference = A178CEFE2466B862002C2360 /* RadioStation.app */;
			productType = "com.apple.product-type.application";
		};
/* End PBXNativeTarget section */

/* Begin PBXProject section */
		A178CEF62466B861002C2360 /* Project object */ = {
			isa = PBXProject;
			attributes = {
				LastSwiftUpdateCheck = 1140;
				LastUpgradeCheck = 1140;
				ORGANIZATIONNAME = "Airam Rguez";
				TargetAttributes = {
					A178CEFD2466B862002C2360 = {
						CreatedOnToolsVersion = 11.4.1;
					};
				};
			};
			buildConfigurationList = A178CEF92466B861002C2360 /* Build configuration list for PBXProject "RadioStation" */;
			compatibilityVersion = "Xcode 9.3";
			developmentRegion = en;
			hasScannedForEncodings = 0;
			knownRegions = (
				en,
				Base,
			);
			mainGroup = A178CEF52466B861002C2360;
			productRefGroup = A178CEFF2466B862002C2360 /* Products */;
			projectDirPath = "";
			projectRoot = "";
			targets = (
				A178CEFD2466B862002C2360 /* RadioStation */,
			);
		};
/* End PBXProject section */

/* Begin PBXResourcesBuildPhase section */
		A178CEFC2466B862002C2360 /* Resources */ = {
			isa = PBXResourcesBuildPhase;
			buildActionMask = 2147483647;
			files = (
				A130CC68246731D10006EEE5 /* StationCell.xib in Resources */,
				A130CC5B246714A10006EEE5 /* TagCell.xib in Resources */,
				A178CF112466B867002C2360 /* LaunchScreen.storyboard in Resources */,
				A178CF1E2466C484002C2360 /* Assets.xcassets in Resources */,
				A178CF092466B862002C2360 /* Main.storyboard in Resources */,
			);
			runOnlyForDeploymentPostprocessing = 0;
		};
/* End PBXResourcesBuildPhase section */

/* Begin PBXSourcesBuildPhase section */
		A178CEFA2466B862002C2360 /* Sources */ = {
			isa = PBXSourcesBuildPhase;
			buildActionMask = 2147483647;
			files = (
				A130CC6124671CFF0006EEE5 /* RadioAPI.swift in Sources */,
				A130CC5F246717610006EEE5 /* TagCell.swift in Sources */,
				A130CC63246721020006EEE5 /* StationsViewController.swift in Sources */,
				A178CF062466B862002C2360 /* TagsViewController.swift in Sources */,
				A178CF022466B862002C2360 /* AppDelegate.swift in Sources */,
				A178CF0C2466B862002C2360 /* RadioStation.xcdatamodeld in Sources */,
				A178CF042466B862002C2360 /* SceneDelegate.swift in Sources */,
				A130CC66246725050006EEE5 /* Utils.swift in Sources */,
				A130CC6A2467322E0006EEE5 /* StationCell.swift in Sources */,
			);
			runOnlyForDeploymentPostprocessing = 0;
		};
/* End PBXSourcesBuildPhase section */

/* Begin PBXVariantGroup section */
		A178CF072466B862002C2360 /* Main.storyboard */ = {
			isa = PBXVariantGroup;
			children = (
				A178CF082466B862002C2360 /* Base */,
			);
			name = Main.storyboard;
			sourceTree = "<group>";
		};
		A178CF0F2466B867002C2360 /* LaunchScreen.storyboard */ = {
			isa = PBXVariantGroup;
			children = (
				A178CF102466B867002C2360 /* Base */,
			);
			name = LaunchScreen.storyboard;
			sourceTree = "<group>";
		};
/* End PBXVariantGroup section */

/* Begin XCBuildConfiguration section */
		A178CF132466B867002C2360 /* Debug */ = {
			isa = XCBuildConfiguration;
			buildSettings = {
				ALWAYS_SEARCH_USER_PATHS = NO;
				CLANG_ANALYZER_NONNULL = YES;
				CLANG_ANALYZER_NUMBER_OBJECT_CONVERSION = YES_AGGRESSIVE;
				CLANG_CXX_LANGUAGE_STANDARD = "gnu++14";
				CLANG_CXX_LIBRARY = "libc++";
				CLANG_ENABLE_MODULES = YES;
				CLANG_ENABLE_OBJC_ARC = YES;
				CLANG_ENABLE_OBJC_WEAK = YES;
				CLANG_WARN_BLOCK_CAPTURE_AUTORELEASING = YES;
				CLANG_WARN_BOOL_CONVERSION = YES;
				CLANG_WARN_COMMA = YES;
				CLANG_WARN_CONSTANT_CONVERSION = YES;
				CLANG_WARN_DEPRECATED_OBJC_IMPLEMENTATIONS = YES;
				CLANG_WARN_DIRECT_OBJC_ISA_USAGE = YES_ERROR;
				CLANG_WARN_DOCUMENTATION_COMMENTS = YES;
				CLANG_WARN_EMPTY_BODY = YES;
				CLANG_WARN_ENUM_CONVERSION = YES;
				CLANG_WARN_INFINITE_RECURSION = YES;
				CLANG_WARN_INT_CONVERSION = YES;
				CLANG_WARN_NON_LITERAL_NULL_CONVERSION = YES;
				CLANG_WARN_OBJC_IMPLICIT_RETAIN_SELF = YES;
				CLANG_WARN_OBJC_LITERAL_CONVERSION = YES;
				CLANG_WARN_OBJC_ROOT_CLASS = YES_ERROR;
				CLANG_WARN_RANGE_LOOP_ANALYSIS = YES;
				CLANG_WARN_STRICT_PROTOTYPES = YES;
				CLANG_WARN_SUSPICIOUS_MOVE = YES;
				CLANG_WARN_UNGUARDED_AVAILABILITY = YES_AGGRESSIVE;
				CLANG_WARN_UNREACHABLE_CODE = YES;
				CLANG_WARN__DUPLICATE_METHOD_MATCH = YES;
				COPY_PHASE_STRIP = NO;
				DEBUG_INFORMATION_FORMAT = dwarf;
				ENABLE_STRICT_OBJC_MSGSEND = YES;
				ENABLE_TESTABILITY = YES;
				GCC_C_LANGUAGE_STANDARD = gnu11;
				GCC_DYNAMIC_NO_PIC = NO;
				GCC_NO_COMMON_BLOCKS = YES;
				GCC_OPTIMIZATION_LEVEL = 0;
				GCC_PREPROCESSOR_DEFINITIONS = (
					"DEBUG=1",
					"$(inherited)",
				);
				GCC_WARN_64_TO_32_BIT_CONVERSION = YES;
				GCC_WARN_ABOUT_RETURN_TYPE = YES_ERROR;
				GCC_WARN_UNDECLARED_SELECTOR = YES;
				GCC_WARN_UNINITIALIZED_AUTOS = YES_AGGRESSIVE;
				GCC_WARN_UNUSED_FUNCTION = YES;
				GCC_WARN_UNUSED_VARIABLE = YES;
				IPHONEOS_DEPLOYMENT_TARGET = 13.4;
				MTL_ENABLE_DEBUG_INFO = INCLUDE_SOURCE;
				MTL_FAST_MATH = YES;
				ONLY_ACTIVE_ARCH = YES;
				SDKROOT = iphoneos;
				SWIFT_ACTIVE_COMPILATION_CONDITIONS = DEBUG;
				SWIFT_OPTIMIZATION_LEVEL = "-Onone";
			};
			name = Debug;
		};
		A178CF142466B867002C2360 /* Release */ = {
			isa = XCBuildConfiguration;
			buildSettings = {
				ALWAYS_SEARCH_USER_PATHS = NO;
				CLANG_ANALYZER_NONNULL = YES;
				CLANG_ANALYZER_NUMBER_OBJECT_CONVERSION = YES_AGGRESSIVE;
				CLANG_CXX_LANGUAGE_STANDARD = "gnu++14";
				CLANG_CXX_LIBRARY = "libc++";
				CLANG_ENABLE_MODULES = YES;
				CLANG_ENABLE_OBJC_ARC = YES;
				CLANG_ENABLE_OBJC_WEAK = YES;
				CLANG_WARN_BLOCK_CAPTURE_AUTORELEASING = YES;
				CLANG_WARN_BOOL_CONVERSION = YES;
				CLANG_WARN_COMMA = YES;
				CLANG_WARN_CONSTANT_CONVERSION = YES;
				CLANG_WARN_DEPRECATED_OBJC_IMPLEMENTATIONS = YES;
				CLANG_WARN_DIRECT_OBJC_ISA_USAGE = YES_ERROR;
				CLANG_WARN_DOCUMENTATION_COMMENTS = YES;
				CLANG_WARN_EMPTY_BODY = YES;
				CLANG_WARN_ENUM_CONVERSION = YES;
				CLANG_WARN_INFINITE_RECURSION = YES;
				CLANG_WARN_INT_CONVERSION = YES;
				CLANG_WARN_NON_LITERAL_NULL_CONVERSION = YES;
				CLANG_WARN_OBJC_IMPLICIT_RETAIN_SELF = YES;
				CLANG_WARN_OBJC_LITERAL_CONVERSION = YES;
				CLANG_WARN_OBJC_ROOT_CLASS = YES_ERROR;
				CLANG_WARN_RANGE_LOOP_ANALYSIS = YES;
				CLANG_WARN_STRICT_PROTOTYPES = YES;
				CLANG_WARN_SUSPICIOUS_MOVE = YES;
				CLANG_WARN_UNGUARDED_AVAILABILITY = YES_AGGRESSIVE;
				CLANG_WARN_UNREACHABLE_CODE = YES;
				CLANG_WARN__DUPLICATE_METHOD_MATCH = YES;
				COPY_PHASE_STRIP = NO;
				DEBUG_INFORMATION_FORMAT = "dwarf-with-dsym";
				ENABLE_NS_ASSERTIONS = NO;
				ENABLE_STRICT_OBJC_MSGSEND = YES;
				GCC_C_LANGUAGE_STANDARD = gnu11;
				GCC_NO_COMMON_BLOCKS = YES;
				GCC_WARN_64_TO_32_BIT_CONVERSION = YES;
				GCC_WARN_ABOUT_RETURN_TYPE = YES_ERROR;
				GCC_WARN_UNDECLARED_SELECTOR = YES;
				GCC_WARN_UNINITIALIZED_AUTOS = YES_AGGRESSIVE;
				GCC_WARN_UNUSED_FUNCTION = YES;
				GCC_WARN_UNUSED_VARIABLE = YES;
				IPHONEOS_DEPLOYMENT_TARGET = 13.4;
				MTL_ENABLE_DEBUG_INFO = NO;
				MTL_FAST_MATH = YES;
				SDKROOT = iphoneos;
				SWIFT_COMPILATION_MODE = wholemodule;
				SWIFT_OPTIMIZATION_LEVEL = "-O";
				VALIDATE_PRODUCT = YES;
			};
			name = Release;
		};
		A178CF162466B867002C2360 /* Debug */ = {
			isa = XCBuildConfiguration;
			buildSettings = {
				ASSETCATALOG_COMPILER_APPICON_NAME = AppIcon;
				CODE_SIGN_STYLE = Automatic;
				INFOPLIST_FILE = RadioStation/Info.plist;
				LD_RUNPATH_SEARCH_PATHS = (
					"$(inherited)",
					"@executable_path/Frameworks",
				);
				PRODUCT_BUNDLE_IDENTIFIER = io.github.airamrguez.RadioStation;
				PRODUCT_NAME = "$(TARGET_NAME)";
				SWIFT_VERSION = 5.0;
				TARGETED_DEVICE_FAMILY = "1,2";
			};
			name = Debug;
		};
		A178CF172466B867002C2360 /* Release */ = {
			isa = XCBuildConfiguration;
			buildSettings = {
				ASSETCATALOG_COMPILER_APPICON_NAME = AppIcon;
				CODE_SIGN_STYLE = Automatic;
				INFOPLIST_FILE = RadioStation/Info.plist;
				LD_RUNPATH_SEARCH_PATHS = (
					"$(inherited)",
					"@executable_path/Frameworks",
				);
				PRODUCT_BUNDLE_IDENTIFIER = io.github.airamrguez.RadioStation;
				PRODUCT_NAME = "$(TARGET_NAME)";
				SWIFT_VERSION = 5.0;
				TARGETED_DEVICE_FAMILY = "1,2";
			};
			name = Release;
		};
/* End XCBuildConfiguration section */

/* Begin XCConfigurationList section */
		A178CEF92466B861002C2360 /* Build configuration list for PBXProject "RadioStation" */ = {
			isa = XCConfigurationList;
			buildConfigurations = (
				A178CF132466B867002C2360 /* Debug */,
				A178CF142466B867002C2360 /* Release */,
			);
			defaultConfigurationIsVisible = 0;
			defaultConfigurationName = Release;
		};
		A178CF152466B867002C2360 /* Build configuration list for PBXNativeTarget "RadioStation" */ = {
			isa = XCConfigurationList;
			buildConfigurations = (
				A178CF162466B867002C2360 /* Debug */,
				A178CF172466B867002C2360 /* Release */,
			);
			defaultConfigurationIsVisible = 0;
			defaultConfigurationName = Release;
		};
/* End XCConfigurationList section */

/* Begin XCVersionGroup section */
		A178CF0A2466B862002C2360 /* RadioStation.xcdatamodeld */ = {
			isa = XCVersionGroup;
			children = (
				A178CF0B2466B862002C2360 /* RadioStation.xcdatamodel */,
			);
			currentVersion = A178CF0B2466B862002C2360 /* RadioStation.xcdatamodel */;
			path = RadioStation.xcdatamodeld;
			sourceTree = "<group>";
			versionGroupType = wrapper.xcdatamodel;
		};
/* End XCVersionGroup section */
	};
	rootObject = A178CEF62466B861002C2360 /* Project object */;
}
